
Microsoft Visual Studio Solution File, Format Version 12.00
# Visual Studio Version 17
VisualStudioVersion = 17.0.31903.59
MinimumVisualStudioVersion = 10.0.40219.1
Project("{FAE04EC0-301F-11D3-BF4B-00C04F79EFBC}") = "OrderCalc", "OrderCalc\OrderCalc.csproj", "{643299DA-6052-417A-A861-6BC3B43BEF81}"
EndProject
Project("{FAE04EC0-301F-11D3-BF4B-00C04F79EFBC}") = "OrderCalc.Tests", "OrderCalc.Tests\OrderCalc.Tests.csproj", "{F9A19BB9-29AD-47B3-8234-066EB7CF47BC}"
EndProject
Global
	GlobalSection(SolutionConfigurationPlatforms) = preSolution
		Debug|Any CPU = Debug|Any CPU
		Release|Any CPU = Release|Any CPU
	EndGlobalSection
	GlobalSection(ProjectConfigurationPlatforms) = postSolution
		{643299DA-6052-417A-A861-6BC3B43BEF81}.Debug|Any CPU.ActiveCfg = Debug|Any CPU
		{643299DA-6052-417A-A861-6BC3B43BEF81}.Debug|Any CPU.Build.0 = Debug|Any CPU
		{643299DA-6052-417A-A861-6BC3B43BEF81}.Release|Any CPU.ActiveCfg = Release|Any CPU
		{643299DA-6052-417A-A861-6BC3B43BEF81}.Release|Any CPU.Build.0 = Release|Any CPU
		{F9A19BB9-29AD-47B3-8234-066EB7CF47BC}.Debug|Any CPU.ActiveCfg = Debug|Any CPU
		{F9A19BB9-29AD-47B3-8234-066EB7CF47BC}.Debug|Any CPU.Build.0 = Debug|Any CPU
		{F9A19BB9-29AD-47B3-8234-066EB7CF47BC}.Release|Any CPU.ActiveCfg = Release|Any CPU
		{F9A19BB9-29AD-47B3-8234-066EB7CF47BC}.Release|Any CPU.Build.0 = Release|Any CPU
	EndGlobalSection
	GlobalSection(SolutionProperties) = preSolution
		HideSolutionNode = FALSE
	EndGlobalSection
	GlobalSection(ExtensibilityGlobals) = postSolution
		SolutionGuid = {5468F327-A674-4D19-93A0-4F9F2CA63C5B}
	EndGlobalSection
EndGlobal
